
Microsoft Visual Studio Solution File, Format Version 12.00
# Visual Studio Version 17
VisualStudioVersion = 17.14.36310.24 d17.14
MinimumVisualStudioVersion = 10.0.40219.1
Project("{FAE04EC0-301F-11D3-BF4B-00C04F79EFBC}") = "NullableTypes", "NullableTypes\NullableTypes.csproj", "{414654B8-192B-4EB5-93DC-5C88AC140EEF}"
EndProject
Project("{FAE04EC0-301F-11D3-BF4B-00C04F79EFBC}") = "Indexer", "Indexer\Indexer.csproj", "{CAC3D9C5-E761-471F-8299-2559CF59FC74}"
EndProject
Global
	GlobalSection(SolutionConfigurationPlatforms) = preSolution
		Debug|Any CPU = Debug|Any CPU
		Release|Any CPU = Release|Any CPU
	EndGlobalSection
	GlobalSection(ProjectConfigurationPlatforms) = postSolution
		{414654B8-192B-4EB5-93DC-5C88AC140EEF}.Debug|Any CPU.ActiveCfg = Debug|Any CPU
		{414654B8-192B-4EB5-93DC-5C88AC140EEF}.Debug|Any CPU.Build.0 = Debug|Any CPU
		{414654B8-192B-4EB5-93DC-5C88AC140EEF}.Release|Any CPU.ActiveCfg = Release|Any CPU
		{414654B8-192B-4EB5-93DC-5C88AC140EEF}.Release|Any CPU.Build.0 = Release|Any CPU
		{CAC3D9C5-E761-471F-8299-2559CF59FC74}.Debug|Any CPU.ActiveCfg = Debug|Any CPU
		{CAC3D9C5-E761-471F-8299-2559CF59FC74}.Debug|Any CPU.Build.0 = Debug|Any CPU
		{CAC3D9C5-E761-471F-8299-2559CF59FC74}.Release|Any CPU.ActiveCfg = Release|Any CPU
		{CAC3D9C5-E761-471F-8299-2559CF59FC74}.Release|Any CPU.Build.0 = Release|Any CPU
	EndGlobalSection
	GlobalSection(SolutionProperties) = preSolution
		HideSolutionNode = FALSE
	EndGlobalSection
	GlobalSection(ExtensibilityGlobals) = postSolution
		SolutionGuid = {264BD992-FA12-44EF-9263-55673AF4ADD2}
	EndGlobalSection
EndGlobal
