
Microsoft Visual Studio Solution File, Format Version 12.00
# Visual Studio Version 17
VisualStudioVersion = 17.14.36310.24 d17.14
MinimumVisualStudioVersion = 10.0.40219.1
Project("{FAE04EC0-301F-11D3-BF4B-00C04F79EFBC}") = "Control_Structures_Arrays_Day2", "Control_Structures_Arrays_Day2\Control_Structures_Arrays_Day2.csproj", "{322E44DC-59FF-44CD-9975-4210AE2D4BEB}"
EndProject
Global
	GlobalSection(SolutionConfigurationPlatforms) = preSolution
		Debug|Any CPU = Debug|Any CPU
		Release|Any CPU = Release|Any CPU
	EndGlobalSection
	GlobalSection(ProjectConfigurationPlatforms) = postSolution
		{322E44DC-59FF-44CD-9975-4210AE2D4BEB}.Debug|Any CPU.ActiveCfg = Debug|Any CPU
		{322E44DC-59FF-44CD-9975-4210AE2D4BEB}.Debug|Any CPU.Build.0 = Debug|Any CPU
		{322E44DC-59FF-44CD-9975-4210AE2D4BEB}.Release|Any CPU.ActiveCfg = Release|Any CPU
		{322E44DC-59FF-44CD-9975-4210AE2D4BEB}.Release|Any CPU.Build.0 = Release|Any CPU
	EndGlobalSection
	GlobalSection(SolutionProperties) = preSolution
		HideSolutionNode = FALSE
	EndGlobalSection
	GlobalSection(ExtensibilityGlobals) = postSolution
		SolutionGuid = {0EAAED5B-E710-4A56-88CB-03B08DA6717F}
	EndGlobalSection
EndGlobal
