
Microsoft Visual Studio Solution File, Format Version 12.00
# Visual Studio Version 17
VisualStudioVersion = 17.14.36310.24 d17.14
MinimumVisualStudioVersion = 10.0.40219.1
Project("{FAE04EC0-301F-11D3-BF4B-00C04F79EFBC}") = "EmployProject.Models", "EmployProject.Models\EmployProject.Models.csproj", "{18F4EB55-5F57-4003-9840-971ACBF80035}"
EndProject
Project("{FAE04EC0-301F-11D3-BF4B-00C04F79EFBC}") = "EmployProject.Exceptions", "..\EmployProject.Exceptions\EmployProject.Exceptions.csproj", "{E00DD7CF-A8D6-49F7-A2A9-91EBC11EF652}"
EndProject
Project("{FAE04EC0-301F-11D3-BF4B-00C04F79EFBC}") = "EmployProject.Dao", "..\EmployProject.Dao\EmployProject.Dao.csproj", "{F662E3C5-FD11-47D2-B175-2A2975C7BF57}"
EndProject
Project("{FAE04EC0-301F-11D3-BF4B-00C04F79EFBC}") = "EmployProject.Bal", "..\EmployProject.Bal\EmployProject.Bal.csproj", "{ADA93C64-02C8-4235-81D4-962E28B35D9B}"
EndProject
Project("{FAE04EC0-301F-11D3-BF4B-00C04F79EFBC}") = "EmployProject.MainOne", "..\EmployProject.MainOne\EmployProject.MainOne.csproj", "{CF697179-8E0E-4F5B-A786-FDD51D535DF5}"
EndProject
Global
	GlobalSection(SolutionConfigurationPlatforms) = preSolution
		Debug|Any CPU = Debug|Any CPU
		Release|Any CPU = Release|Any CPU
	EndGlobalSection
	GlobalSection(ProjectConfigurationPlatforms) = postSolution
		{18F4EB55-5F57-4003-9840-971ACBF80035}.Debug|Any CPU.ActiveCfg = Debug|Any CPU
		{18F4EB55-5F57-4003-9840-971ACBF80035}.Debug|Any CPU.Build.0 = Debug|Any CPU
		{18F4EB55-5F57-4003-9840-971ACBF80035}.Release|Any CPU.ActiveCfg = Release|Any CPU
		{18F4EB55-5F57-4003-9840-971ACBF80035}.Release|Any CPU.Build.0 = Release|Any CPU
		{E00DD7CF-A8D6-49F7-A2A9-91EBC11EF652}.Debug|Any CPU.ActiveCfg = Debug|Any CPU
		{E00DD7CF-A8D6-49F7-A2A9-91EBC11EF652}.Debug|Any CPU.Build.0 = Debug|Any CPU
		{E00DD7CF-A8D6-49F7-A2A9-91EBC11EF652}.Release|Any CPU.ActiveCfg = Release|Any CPU
		{E00DD7CF-A8D6-49F7-A2A9-91EBC11EF652}.Release|Any CPU.Build.0 = Release|Any CPU
		{F662E3C5-FD11-47D2-B175-2A2975C7BF57}.Debug|Any CPU.ActiveCfg = Debug|Any CPU
		{F662E3C5-FD11-47D2-B175-2A2975C7BF57}.Debug|Any CPU.Build.0 = Debug|Any CPU
		{F662E3C5-FD11-47D2-B175-2A2975C7BF57}.Release|Any CPU.ActiveCfg = Release|Any CPU
		{F662E3C5-FD11-47D2-B175-2A2975C7BF57}.Release|Any CPU.Build.0 = Release|Any CPU
		{ADA93C64-02C8-4235-81D4-962E28B35D9B}.Debug|Any CPU.ActiveCfg = Debug|Any CPU
		{ADA93C64-02C8-4235-81D4-962E28B35D9B}.Debug|Any CPU.Build.0 = Debug|Any CPU
		{ADA93C64-02C8-4235-81D4-962E28B35D9B}.Release|Any CPU.ActiveCfg = Release|Any CPU
		{ADA93C64-02C8-4235-81D4-962E28B35D9B}.Release|Any CPU.Build.0 = Release|Any CPU
		{CF697179-8E0E-4F5B-A786-FDD51D535DF5}.Debug|Any CPU.ActiveCfg = Debug|Any CPU
		{CF697179-8E0E-4F5B-A786-FDD51D535DF5}.Debug|Any CPU.Build.0 = Debug|Any CPU
		{CF697179-8E0E-4F5B-A786-FDD51D535DF5}.Release|Any CPU.ActiveCfg = Release|Any CPU
		{CF697179-8E0E-4F5B-A786-FDD51D535DF5}.Release|Any CPU.Build.0 = Release|Any CPU
	EndGlobalSection
	GlobalSection(SolutionProperties) = preSolution
		HideSolutionNode = FALSE
	EndGlobalSection
	GlobalSection(ExtensibilityGlobals) = postSolution
		SolutionGuid = {3A35B57F-71AA-4B38-B0B6-3B2D58A32F97}
	EndGlobalSection
EndGlobal
