
Microsoft Visual Studio Solution File, Format Version 12.00
# Visual Studio Version 17
VisualStudioVersion = 17.14.36310.24 d17.14
MinimumVisualStudioVersion = 10.0.40219.1
Project("{FAE04EC0-301F-11D3-BF4B-00C04F79EFBC}") = "AgentProject.Models", "AgentProject.Models\AgentProject.Models.csproj", "{7C6C7E68-46C2-4C1D-A824-0CF2EDA93845}"
EndProject
Project("{FAE04EC0-301F-11D3-BF4B-00C04F79EFBC}") = "AgentProject.Exceptions", "..\AgentProject.Exceptions\AgentProject.Exceptions.csproj", "{895C1ABA-E0E2-462B-A69D-51ED377ACF69}"
EndProject
Project("{FAE04EC0-301F-11D3-BF4B-00C04F79EFBC}") = "AgentProject.Dao", "..\AgentProject.Dao\AgentProject.Dao.csproj", "{A8786512-D3D6-4815-B183-9DCC0141FDF7}"
EndProject
Project("{FAE04EC0-301F-11D3-BF4B-00C04F79EFBC}") = "AgentProject.Bal", "..\AgentProject.Bal\AgentProject.Bal.csproj", "{67272F89-A855-418F-8912-BA2A6507F8B0}"
EndProject
Project("{FAE04EC0-301F-11D3-BF4B-00C04F79EFBC}") = "AgentProject.Main", "..\AgentProject.Main\AgentProject.Main.csproj", "{6C7446F5-8EB3-4783-863C-CD138283EEC7}"
EndProject
Global
	GlobalSection(SolutionConfigurationPlatforms) = preSolution
		Debug|Any CPU = Debug|Any CPU
		Release|Any CPU = Release|Any CPU
	EndGlobalSection
	GlobalSection(ProjectConfigurationPlatforms) = postSolution
		{7C6C7E68-46C2-4C1D-A824-0CF2EDA93845}.Debug|Any CPU.ActiveCfg = Debug|Any CPU
		{7C6C7E68-46C2-4C1D-A824-0CF2EDA93845}.Debug|Any CPU.Build.0 = Debug|Any CPU
		{7C6C7E68-46C2-4C1D-A824-0CF2EDA93845}.Release|Any CPU.ActiveCfg = Release|Any CPU
		{7C6C7E68-46C2-4C1D-A824-0CF2EDA93845}.Release|Any CPU.Build.0 = Release|Any CPU
		{895C1ABA-E0E2-462B-A69D-51ED377ACF69}.Debug|Any CPU.ActiveCfg = Debug|Any CPU
		{895C1ABA-E0E2-462B-A69D-51ED377ACF69}.Debug|Any CPU.Build.0 = Debug|Any CPU
		{895C1ABA-E0E2-462B-A69D-51ED377ACF69}.Release|Any CPU.ActiveCfg = Release|Any CPU
		{895C1ABA-E0E2-462B-A69D-51ED377ACF69}.Release|Any CPU.Build.0 = Release|Any CPU
		{A8786512-D3D6-4815-B183-9DCC0141FDF7}.Debug|Any CPU.ActiveCfg = Debug|Any CPU
		{A8786512-D3D6-4815-B183-9DCC0141FDF7}.Debug|Any CPU.Build.0 = Debug|Any CPU
		{A8786512-D3D6-4815-B183-9DCC0141FDF7}.Release|Any CPU.ActiveCfg = Release|Any CPU
		{A8786512-D3D6-4815-B183-9DCC0141FDF7}.Release|Any CPU.Build.0 = Release|Any CPU
		{67272F89-A855-418F-8912-BA2A6507F8B0}.Debug|Any CPU.ActiveCfg = Debug|Any CPU
		{67272F89-A855-418F-8912-BA2A6507F8B0}.Debug|Any CPU.Build.0 = Debug|Any CPU
		{67272F89-A855-418F-8912-BA2A6507F8B0}.Release|Any CPU.ActiveCfg = Release|Any CPU
		{67272F89-A855-418F-8912-BA2A6507F8B0}.Release|Any CPU.Build.0 = Release|Any CPU
		{6C7446F5-8EB3-4783-863C-CD138283EEC7}.Debug|Any CPU.ActiveCfg = Debug|Any CPU
		{6C7446F5-8EB3-4783-863C-CD138283EEC7}.Debug|Any CPU.Build.0 = Debug|Any CPU
		{6C7446F5-8EB3-4783-863C-CD138283EEC7}.Release|Any CPU.ActiveCfg = Release|Any CPU
		{6C7446F5-8EB3-4783-863C-CD138283EEC7}.Release|Any CPU.Build.0 = Release|Any CPU
	EndGlobalSection
	GlobalSection(SolutionProperties) = preSolution
		HideSolutionNode = FALSE
	EndGlobalSection
	GlobalSection(ExtensibilityGlobals) = postSolution
		SolutionGuid = {F8D32DD3-B3EA-4CD3-9151-5C2724BA311F}
	EndGlobalSection
EndGlobal
