
Microsoft Visual Studio Solution File, Format Version 12.00
# Visual Studio Version 17
VisualStudioVersion = 17.14.36310.24 d17.14
MinimumVisualStudioVersion = 10.0.40219.1
Project("{FAE04EC0-301F-11D3-BF4B-00C04F79EFBC}") = "MultiThreading", "MultiThreading\MultiThreading.csproj", "{1E13F89E-74A3-4440-82E8-992A3AE59384}"
EndProject
Project("{FAE04EC0-301F-11D3-BF4B-00C04F79EFBC}") = "ThreadSynchronization", "..\ThreadSynchronization\ThreadSynchronization.csproj", "{8AF07924-6FDD-4A21-A50A-39BFC25D81DA}"
EndProject
Project("{FAE04EC0-301F-11D3-BF4B-00C04F79EFBC}") = "AttributesUsage_Custom", "..\AttributesUsage_Custom\AttributesUsage_Custom.csproj", "{F487A493-AB29-4944-9B78-C2E917AC2DEE}"
EndProject
Project("{FAE04EC0-301F-11D3-BF4B-00C04F79EFBC}") = "CustomAttributes", "..\CustomAttributes\CustomAttributes.csproj", "{9FD56AEB-C795-48EC-B129-8B76AABFF463}"
EndProject
Global
	GlobalSection(SolutionConfigurationPlatforms) = preSolution
		Debug|Any CPU = Debug|Any CPU
		Release|Any CPU = Release|Any CPU
	EndGlobalSection
	GlobalSection(ProjectConfigurationPlatforms) = postSolution
		{1E13F89E-74A3-4440-82E8-992A3AE59384}.Debug|Any CPU.ActiveCfg = Debug|Any CPU
		{1E13F89E-74A3-4440-82E8-992A3AE59384}.Debug|Any CPU.Build.0 = Debug|Any CPU
		{1E13F89E-74A3-4440-82E8-992A3AE59384}.Release|Any CPU.ActiveCfg = Release|Any CPU
		{1E13F89E-74A3-4440-82E8-992A3AE59384}.Release|Any CPU.Build.0 = Release|Any CPU
		{8AF07924-6FDD-4A21-A50A-39BFC25D81DA}.Debug|Any CPU.ActiveCfg = Debug|Any CPU
		{8AF07924-6FDD-4A21-A50A-39BFC25D81DA}.Debug|Any CPU.Build.0 = Debug|Any CPU
		{8AF07924-6FDD-4A21-A50A-39BFC25D81DA}.Release|Any CPU.ActiveCfg = Release|Any CPU
		{8AF07924-6FDD-4A21-A50A-39BFC25D81DA}.Release|Any CPU.Build.0 = Release|Any CPU
		{F487A493-AB29-4944-9B78-C2E917AC2DEE}.Debug|Any CPU.ActiveCfg = Debug|Any CPU
		{F487A493-AB29-4944-9B78-C2E917AC2DEE}.Debug|Any CPU.Build.0 = Debug|Any CPU
		{F487A493-AB29-4944-9B78-C2E917AC2DEE}.Release|Any CPU.ActiveCfg = Release|Any CPU
		{F487A493-AB29-4944-9B78-C2E917AC2DEE}.Release|Any CPU.Build.0 = Release|Any CPU
		{9FD56AEB-C795-48EC-B129-8B76AABFF463}.Debug|Any CPU.ActiveCfg = Debug|Any CPU
		{9FD56AEB-C795-48EC-B129-8B76AABFF463}.Debug|Any CPU.Build.0 = Debug|Any CPU
		{9FD56AEB-C795-48EC-B129-8B76AABFF463}.Release|Any CPU.ActiveCfg = Release|Any CPU
		{9FD56AEB-C795-48EC-B129-8B76AABFF463}.Release|Any CPU.Build.0 = Release|Any CPU
	EndGlobalSection
	GlobalSection(SolutionProperties) = preSolution
		HideSolutionNode = FALSE
	EndGlobalSection
	GlobalSection(ExtensibilityGlobals) = postSolution
		SolutionGuid = {FE505168-FB6D-4991-BBEB-9F656503277D}
	EndGlobalSection
EndGlobal
