
Microsoft Visual Studio Solution File, Format Version 12.00
# Visual Studio Version 17
VisualStudioVersion = 17.14.36310.24 d17.14
MinimumVisualStudioVersion = 10.0.40219.1
Project("{FAE04EC0-301F-11D3-BF4B-00C04F79EFBC}") = "LambdaExpression", "LambdaExpression\LambdaExpression.csproj", "{12C306C4-8531-4DD5-B4D9-959A008D28A5}"
EndProject
Global
	GlobalSection(SolutionConfigurationPlatforms) = preSolution
		Debug|Any CPU = Debug|Any CPU
		Release|Any CPU = Release|Any CPU
	EndGlobalSection
	GlobalSection(ProjectConfigurationPlatforms) = postSolution
		{12C306C4-8531-4DD5-B4D9-959A008D28A5}.Debug|Any CPU.ActiveCfg = Debug|Any CPU
		{12C306C4-8531-4DD5-B4D9-959A008D28A5}.Debug|Any CPU.Build.0 = Debug|Any CPU
		{12C306C4-8531-4DD5-B4D9-959A008D28A5}.Release|Any CPU.ActiveCfg = Release|Any CPU
		{12C306C4-8531-4DD5-B4D9-959A008D28A5}.Release|Any CPU.Build.0 = Release|Any CPU
	EndGlobalSection
	GlobalSection(SolutionProperties) = preSolution
		HideSolutionNode = FALSE
	EndGlobalSection
	GlobalSection(ExtensibilityGlobals) = postSolution
		SolutionGuid = {97DF48CA-838E-47E1-A6D5-A882C7F32296}
	EndGlobalSection
EndGlobal
