
Microsoft Visual Studio Solution File, Format Version 12.00
# Visual Studio Version 17
VisualStudioVersion = 17.14.36310.24 d17.14
MinimumVisualStudioVersion = 10.0.40219.1
Project("{FAE04EC0-301F-11D3-BF4B-00C04F79EFBC}") = "Static_Var_Method_NonStatic", "Static_Var_Method_NonStatic\Static_Var_Method_NonStatic.csproj", "{3CBB1069-CA2B-41E7-8A21-D04EF88773A7}"
EndProject
Global
	GlobalSection(SolutionConfigurationPlatforms) = preSolution
		Debug|Any CPU = Debug|Any CPU
		Release|Any CPU = Release|Any CPU
	EndGlobalSection
	GlobalSection(ProjectConfigurationPlatforms) = postSolution
		{3CBB1069-CA2B-41E7-8A21-D04EF88773A7}.Debug|Any CPU.ActiveCfg = Debug|Any CPU
		{3CBB1069-CA2B-41E7-8A21-D04EF88773A7}.Debug|Any CPU.Build.0 = Debug|Any CPU
		{3CBB1069-CA2B-41E7-8A21-D04EF88773A7}.Release|Any CPU.ActiveCfg = Release|Any CPU
		{3CBB1069-CA2B-41E7-8A21-D04EF88773A7}.Release|Any CPU.Build.0 = Release|Any CPU
	EndGlobalSection
	GlobalSection(SolutionProperties) = preSolution
		HideSolutionNode = FALSE
	EndGlobalSection
	GlobalSection(ExtensibilityGlobals) = postSolution
		SolutionGuid = {A26D85EF-2B97-4B97-BFA2-6F3D7C2FE4CB}
	EndGlobalSection
EndGlobal
